{
    "_readme": [
        "This file locks the dependencies of your project to a known state",
        "Read more about it at https://getcomposer.org/doc/01-basic-usage.md#installing-dependencies",
        "This file is @generated automatically"
    ],
    "content-hash": "58e02532dfb4412fd18c2aa23c74e485",
    "packages": [
        {
            "name": "drupal/better_exposed_filters",
            "version": "3.2.0",
            "source": {
                "type": "git",
                "url": "https://git.drupalcode.org/project/better_exposed_filters.git",
                "reference": "7.x-3.2"
            },
            "dist": {
                "type": "zip",
                "url": "https://ftp.drupal.org/files/projects/better_exposed_filters-7.x-3.2.zip",
                "reference": "7.x-3.2",
                "shasum": "78664311dab26e376f80b59b6323eadfdd7a4f9d"
            },
            "require": {
                "drupal/drupal": "~7.0"
            },
            "type": "drupal-module",
            "extra": {
                "branch-alias": {
                    "dev-3.x": "3.x-dev"
                },
                "drupal": {
                    "version": "7.x-3.2",
                    "datestamp": "1533185792",
                    "security-coverage": {
                        "status": "covered",
                        "message": "Covered by Drupal's security advisory policy"
                    }
                }
            },
            "notification-url": "https://packages.drupal.org/7/downloads",
            "license": [
                "GPL-2.0-or-later"
            ],
            "authors": [
                {
                    "name": "Etroid",
                    "homepage": "https://www.drupal.org/user/3048985"
                },
                {
                    "name": "chr.fritsch",
                    "homepage": "https://www.drupal.org/user/2103716"
                },
                {
                    "name": "jkopel",
                    "homepage": "https://www.drupal.org/user/66207"
                },
                {
                    "name": "mikeker",
                    "homepage": "https://www.drupal.org/user/192273"
                },
                {
                    "name": "rlhawk",
                    "homepage": "https://www.drupal.org/user/352283"
                }
            ],
            "homepage": "https://www.drupal.org/project/better_exposed_filters",
            "support": {
                "source": "https://git.drupalcode.org/project/better_exposed_filters"
            }
        }
    ],
    "packages-dev": [],
    "aliases": [],
    "minimum-stability": "stable",
    "stability-flags": [],
    "prefer-stable": false,
    "prefer-lowest": false,
    "platform": [],
    "platform-dev": []
}